
Microsoft Visual Studio Solution File, Format Version 12.00
# Visual Studio Version 16
VisualStudioVersion = 16.0.32407.337
MinimumVisualStudioVersion = 10.0.40219.1
Project("{FAE04EC0-301F-11D3-BF4B-00C04F79EFBC}") = "RytiriADraci", "RytiriADraci\RytiriADraci.csproj", "{071F181D-D19C-4802-A38D-2B57A2A8A2A4}"
EndProject
Global
	GlobalSection(SolutionConfigurationPlatforms) = preSolution
		Debug|Any CPU = Debug|Any CPU
		Release|Any CPU = Release|Any CPU
	EndGlobalSection
	GlobalSection(ProjectConfigurationPlatforms) = postSolution
		{071F181D-D19C-4802-A38D-2B57A2A8A2A4}.Debug|Any CPU.ActiveCfg = Debug|Any CPU
		{071F181D-D19C-4802-A38D-2B57A2A8A2A4}.Debug|Any CPU.Build.0 = Debug|Any CPU
		{071F181D-D19C-4802-A38D-2B57A2A8A2A4}.Release|Any CPU.ActiveCfg = Release|Any CPU
		{071F181D-D19C-4802-A38D-2B57A2A8A2A4}.Release|Any CPU.Build.0 = Release|Any CPU
	EndGlobalSection
	GlobalSection(SolutionProperties) = preSolution
		HideSolutionNode = FALSE
	EndGlobalSection
	GlobalSection(ExtensibilityGlobals) = postSolution
		SolutionGuid = {9DEB5014-1A33-4A0A-884A-7EBCF5E23D71}
	EndGlobalSection
EndGlobal
